{
  "version": 4,
  "terraform_version": "1.9.7",
  "serial": 1190,
  "lineage": "32015262-dd7a-0c35-82ad-0110fefaea78",
  "outputs": {},
  "resources": [
    {
      "module": "module.iam",
      "mode": "managed",
      "type": "local_file",
      "name": "sa-auth-key-file",
      "provider": "provider[\"registry.terraform.io/hashicorp/local\"]",
      "instances": [
        {
          "schema_version": 0,
          "attributes": {
            "content": "{\"created_at\":\"2025-02-27T16:26:43Z\",\"id\":\"ajem28t0bt7s24d7eqsp\",\"private_key\":\"-----BEGIN PRIVATE KEY-----\\nMIIEvQIBADANBgkqhkiG9w0BAQEFAASCBKcwggSjAgEAAoIBAQCLQ+inTxCouU9q\\n/fN+fkc4lPp8srCPQ6+YLKfn/MI0e6TIvOvbVnFeFJ9tvUZ+Uqix6ypyfIwOiDUq\\ndi0v/vP5o5H13F2azBY44sVaSkM/wMxF7EAt2akKBqIEn0le7WnMrqtb7eINMBSP\\ngEtjuS0X8LMj4a8OHkngfXgie2hCnThpXO/kllUO1H+zwHVOVKaftT87yy3mm1lb\\neOGTvcE3rdnzz7U43waqXKFC/Ig4WxVue1GksE5z4snY4HOBlbeR4/sZH+EKSRlt\\n+Bpl1Q4BJs5+CgV5DpYY4hHy2snULa+txb+8FCyVruMuPp89GqtEffqUVuyIi7NI\\nOSx5O8g9AgMBAAECggEAQYMlF0uI1S4zT2v+VvN1cocWnIF8sDBRkp7zL50GCKVf\\ne7TvqMMt2mmOJBQFbNhaljO/yJKRWia2B+8Gy8y+HaHWQFe1SuQV0hXPa+2CXCPI\\nlF4SRN9e9yHupoj9/WNmwUwrvTeW/sgu6+CY1mUecuQeiVMZw+T4sNulH2d5QNg+\\nDGRSBF+3Ee3ros2cdl9IxP2xuI8ul6PDvb/1i8Cifxe8ta59A+8i5nUZj4jDzHAA\\n2tSEJN24Py+ZtG2F8ThyJD+JQBNXCDq1xTknlx0UMWdgZ+Ri4de61r+gjLoTbz5i\\neB4pVT45JvPsIfS2Och3qMfDL/04FKlyA3zvEI63GwKBgQDExhZQxs2yHrOsfnfj\\n/qzlRRjgGaEumCYmQVUsufKqvYbenk5XSYFgPVUy92ItBKFagFmJpXoONYAiLRwm\\nrrGcT1GzANjj034gK6TMmZ/17ujXaPmLms0DTPLoppukHkxUTE2BM23JBiinn2Eo\\nT0l6fDIBQZ4uzYSHoHdrZonuNwKBgQC1LqWXlU9XEumjSzHprwz7FVh0H4lm3BRG\\nd19FVYA4IVvGP7gGTmz7/J8RwNQG7x8nW4wU62eMnjp1HhpqQR2huqeG2GEafP+6\\nMElCB3DQ67yvlsubU4EDMBcKq7SSv5Fvln37iTBxiuxnvkW8ud8cvDHZw0Af6SjA\\n5y1UIdrjKwKBgHdQ0dk7IyEdgr9WlGYYWEhRZKsGf3jcY02REg+j1SR49d3pSgGd\\nnah4qD/WR56ajyhsaV6Qi3kwMbkHd2lxRltMsXKEUf+bj3/8VtqFULx0mJV9nstr\\nG2Mj9qrh08Bpask210w/nhNl+6Lgfq5NnXV692tRmZQxpGoFAESMkZhzAoGBAJra\\nNIN7BKWqL2/2W8GbcJ/EnaYaMihsnxOfARlUO1M+B59IZHNXYkR4pEfbJByNEXZl\\nAzP6ArWnotTolrEL2FSbIIXauBuYjETI8kPx8hVN9iWo33pxA0oDNx5SpPHrs1TJ\\nLgHnPjU9BFKiyB3GSw/XNVAmVc8wSzmcHBzVFqyjAoGAKpEdIhYcAu/uD6p/VZ6p\\ncbfF+cxNMPTZ5wVqx166TLuwi8UZUyw7KQdtCuRrv3iQaQdIkFu49OI1C8tq590M\\nHYYf83j2Pf8QRUTWS3QHlwVWXFYOsKQ/iK/YczDTpYH2P8IwHm+1shHNlu/gkO8f\\nQY2FGE0mx7km3kgEci0kzhA=\\n-----END PRIVATE KEY-----\\n\",\"public_key\":\"-----BEGIN PUBLIC KEY-----\\nMIIBIjANBgkqhkiG9w0BAQEFAAOCAQ8AMIIBCgKCAQEAi0Pop08QqLlPav3zfn5H\\nOJT6fLKwj0OvmCyn5/zCNHukyLzr21ZxXhSfbb1GflKosesqcnyMDog1KnYtL/7z\\n+aOR9dxdmswWOOLFWkpDP8DMRexALdmpCgaiBJ9JXu1pzK6rW+3iDTAUj4BLY7kt\\nF/CzI+GvDh5J4H14IntoQp04aVzv5JZVDtR/s8B1TlSmn7U/O8st5ptZW3jhk73B\\nN63Z88+1ON8GqlyhQvyIOFsVbntRpLBOc+LJ2OBzgZW3keP7GR/hCkkZbfgaZdUO\\nASbOfgoFeQ6WGOIR8trJ1C2vrcW/vBQsla7jLj6fPRqrRH36lFbsiIuzSDkseTvI\\nPQIDAQAB\\n-----END PUBLIC KEY-----\\n\",\"service_account_id\":\"ajenhm7ghqu5sr0rnn2v\"}",
            "content_base64": null,
            "content_base64sha256": "CEBBETTU65vV2I/fNx9baYidYIyIJeuzIURkTdIUA7A=",
            "content_base64sha512": "Ei6O9XSu1ARe8qGMVIfyZhYlv7Ndzq09wjEgDvMh13Wcd2yncdDtHEZz1+kZwxIpaUgfdF9xeEJ5dRGMUqWFFg==",
            "content_md5": "efbae622271f37876faea23c92c83808",
            "content_sha1": "eff0838b68d84e18842e5572d97bcaa73012e7f0",
            "content_sha256": "0840411134d4eb9bd5d88fdf371f5b69889d608c8825ebb32144644dd21403b0",
            "content_sha512": "122e8ef574aed4045ef2a18c5487f2661625bfb35dcead3dc231200ef321d7759c776ca771d0ed1c4673d7e919c3122969481f745f7178427975118c52a58516",
            "directory_permission": "0777",
            "file_permission": "0600",
            "filename": "modules/iam/authorized_key.json",
            "id": "eff0838b68d84e18842e5572d97bcaa73012e7f0",
            "sensitive_content": null,
            "source": null
          },
          "sensitive_attributes": [
            [
              {
                "type": "get_attr",
                "value": "sensitive_content"
              }
            ],
            [
              {
                "type": "get_attr",
                "value": "content"
              }
            ]
          ],
          "dependencies": [
            "module.iam.yandex_iam_service_account.sa",
            "module.iam.yandex_iam_service_account_key.sa-auth-key"
          ]
        }
      ]
    },
    {
      "module": "module.iam",
      "mode": "managed",
      "type": "local_file",
      "name": "sa-static-key-file",
      "provider": "provider[\"registry.terraform.io/hashicorp/local\"]",
      "instances": [
        {
          "schema_version": 0,
          "attributes": {
            "content": "{\"created_at\":\"2025-02-27T16:26:43Z\",\"id\":\"ajeee4npcnb10v07ln3f\",\"s3_key_id\":\"YCAJE7N-gnQmQ4cr1jGiADlSz\",\"s3_secret_key\":\"YCOOJNxe9cV_vGOFG0XtGnJBPtY2Exs2PwbC_zCm\",\"service_account_id\":\"ajenhm7ghqu5sr0rnn2v\"}",
            "content_base64": null,
            "content_base64sha256": "2qnzZSoT0INNZo4SkwD7ahycHu2osHJVstMO96b/CyM=",
            "content_base64sha512": "a33nBfn76DnzrXqNBLosC/WkCWrSq7uIXU3akHoms1L5LQNvMn4mSMrzuPMwpkMgmcALi+wsKR1yJ26GbJ5gHA==",
            "content_md5": "d3bbc3b280c79616cb885fa7806a0a92",
            "content_sha1": "33ad3bdefa9ed00b7954b4bb52f1e55d68a7d684",
            "content_sha256": "daa9f3652a13d0834d668e129300fb6a1c9c1eeda8b07255b2d30ef7a6ff0b23",
            "content_sha512": "6b7de705f9fbe839f3ad7a8d04ba2c0bf5a4096ad2abbb885d4dda907a26b352f92d036f327e2648caf3b8f330a6432099c00b8bec2c291d72276e866c9e601c",
            "directory_permission": "0777",
            "file_permission": "0600",
            "filename": "modules/iam/static_key.json",
            "id": "33ad3bdefa9ed00b7954b4bb52f1e55d68a7d684",
            "sensitive_content": null,
            "source": null
          },
          "sensitive_attributes": [
            [
              {
                "type": "get_attr",
                "value": "sensitive_content"
              }
            ],
            [
              {
                "type": "get_attr",
                "value": "content"
              }
            ]
          ],
          "dependencies": [
            "module.iam.yandex_iam_service_account.sa",
            "module.iam.yandex_iam_service_account_static_access_key.sa-static-key"
          ]
        }
      ]
    },
    {
      "module": "module.iam",
      "mode": "managed",
      "type": "yandex_iam_service_account",
      "name": "sa",
      "provider": "module.iam.provider[\"registry.terraform.io/yandex-cloud/yandex\"]",
      "instances": [
        {
          "schema_version": 0,
          "attributes": {
            "created_at": "2025-02-27T16:26:41Z",
            "description": "Service account for VM management",
            "folder_id": "b1gcs058gd4fa8eeviec",
            "id": "ajenhm7ghqu5sr0rnn2v",
            "name": "docker-vm-sa",
            "timeouts": null
          },
          "sensitive_attributes": [],
          "private": "eyJlMmJmYjczMC1lY2FhLTExZTYtOGY4OC0zNDM2M2JjN2M0YzAiOnsiY3JlYXRlIjo2MDAwMDAwMDAwMCwiZGVsZXRlIjo2MDAwMDAwMDAwMCwidXBkYXRlIjo2MDAwMDAwMDAwMH19"
        }
      ]
    },
    {
      "module": "module.iam",
      "mode": "managed",
      "type": "yandex_iam_service_account_key",
      "name": "sa-auth-key",
      "provider": "module.iam.provider[\"registry.terraform.io/yandex-cloud/yandex\"]",
      "instances": [
        {
          "schema_version": 0,
          "attributes": {
            "created_at": "2025-02-27T16:26:43Z",
            "description": "",
            "encrypted_private_key": null,
            "format": "PEM_FILE",
            "id": "ajem28t0bt7s24d7eqsp",
            "key_algorithm": "RSA_2048",
            "key_fingerprint": null,
            "output_to_lockbox": [],
            "output_to_lockbox_version_id": null,
            "pgp_key": null,
            "private_key": "PLEASE DO NOT REMOVE THIS LINE! Yandex.Cloud SA Key ID \u003cajem28t0bt7s24d7eqsp\u003e\n-----BEGIN PRIVATE KEY-----\nMIIEvQIBADANBgkqhkiG9w0BAQEFAASCBKcwggSjAgEAAoIBAQCLQ+inTxCouU9q\n/fN+fkc4lPp8srCPQ6+YLKfn/MI0e6TIvOvbVnFeFJ9tvUZ+Uqix6ypyfIwOiDUq\ndi0v/vP5o5H13F2azBY44sVaSkM/wMxF7EAt2akKBqIEn0le7WnMrqtb7eINMBSP\ngEtjuS0X8LMj4a8OHkngfXgie2hCnThpXO/kllUO1H+zwHVOVKaftT87yy3mm1lb\neOGTvcE3rdnzz7U43waqXKFC/Ig4WxVue1GksE5z4snY4HOBlbeR4/sZH+EKSRlt\n+Bpl1Q4BJs5+CgV5DpYY4hHy2snULa+txb+8FCyVruMuPp89GqtEffqUVuyIi7NI\nOSx5O8g9AgMBAAECggEAQYMlF0uI1S4zT2v+VvN1cocWnIF8sDBRkp7zL50GCKVf\ne7TvqMMt2mmOJBQFbNhaljO/yJKRWia2B+8Gy8y+HaHWQFe1SuQV0hXPa+2CXCPI\nlF4SRN9e9yHupoj9/WNmwUwrvTeW/sgu6+CY1mUecuQeiVMZw+T4sNulH2d5QNg+\nDGRSBF+3Ee3ros2cdl9IxP2xuI8ul6PDvb/1i8Cifxe8ta59A+8i5nUZj4jDzHAA\n2tSEJN24Py+ZtG2F8ThyJD+JQBNXCDq1xTknlx0UMWdgZ+Ri4de61r+gjLoTbz5i\neB4pVT45JvPsIfS2Och3qMfDL/04FKlyA3zvEI63GwKBgQDExhZQxs2yHrOsfnfj\n/qzlRRjgGaEumCYmQVUsufKqvYbenk5XSYFgPVUy92ItBKFagFmJpXoONYAiLRwm\nrrGcT1GzANjj034gK6TMmZ/17ujXaPmLms0DTPLoppukHkxUTE2BM23JBiinn2Eo\nT0l6fDIBQZ4uzYSHoHdrZonuNwKBgQC1LqWXlU9XEumjSzHprwz7FVh0H4lm3BRG\nd19FVYA4IVvGP7gGTmz7/J8RwNQG7x8nW4wU62eMnjp1HhpqQR2huqeG2GEafP+6\nMElCB3DQ67yvlsubU4EDMBcKq7SSv5Fvln37iTBxiuxnvkW8ud8cvDHZw0Af6SjA\n5y1UIdrjKwKBgHdQ0dk7IyEdgr9WlGYYWEhRZKsGf3jcY02REg+j1SR49d3pSgGd\nnah4qD/WR56ajyhsaV6Qi3kwMbkHd2lxRltMsXKEUf+bj3/8VtqFULx0mJV9nstr\nG2Mj9qrh08Bpask210w/nhNl+6Lgfq5NnXV692tRmZQxpGoFAESMkZhzAoGBAJra\nNIN7BKWqL2/2W8GbcJ/EnaYaMihsnxOfARlUO1M+B59IZHNXYkR4pEfbJByNEXZl\nAzP6ArWnotTolrEL2FSbIIXauBuYjETI8kPx8hVN9iWo33pxA0oDNx5SpPHrs1TJ\nLgHnPjU9BFKiyB3GSw/XNVAmVc8wSzmcHBzVFqyjAoGAKpEdIhYcAu/uD6p/VZ6p\ncbfF+cxNMPTZ5wVqx166TLuwi8UZUyw7KQdtCuRrv3iQaQdIkFu49OI1C8tq590M\nHYYf83j2Pf8QRUTWS3QHlwVWXFYOsKQ/iK/YczDTpYH2P8IwHm+1shHNlu/gkO8f\nQY2FGE0mx7km3kgEci0kzhA=\n-----END PRIVATE KEY-----\n",
            "public_key": "-----BEGIN PUBLIC KEY-----\nMIIBIjANBgkqhkiG9w0BAQEFAAOCAQ8AMIIBCgKCAQEAi0Pop08QqLlPav3zfn5H\nOJT6fLKwj0OvmCyn5/zCNHukyLzr21ZxXhSfbb1GflKosesqcnyMDog1KnYtL/7z\n+aOR9dxdmswWOOLFWkpDP8DMRexALdmpCgaiBJ9JXu1pzK6rW+3iDTAUj4BLY7kt\nF/CzI+GvDh5J4H14IntoQp04aVzv5JZVDtR/s8B1TlSmn7U/O8st5ptZW3jhk73B\nN63Z88+1ON8GqlyhQvyIOFsVbntRpLBOc+LJ2OBzgZW3keP7GR/hCkkZbfgaZdUO\nASbOfgoFeQ6WGOIR8trJ1C2vrcW/vBQsla7jLj6fPRqrRH36lFbsiIuzSDkseTvI\nPQIDAQAB\n-----END PUBLIC KEY-----\n",
            "service_account_id": "ajenhm7ghqu5sr0rnn2v"
          },
          "sensitive_attributes": [
            [
              {
                "type": "get_attr",
                "value": "private_key"
              }
            ]
          ],
          "private": "bnVsbA==",
          "dependencies": [
            "module.iam.yandex_iam_service_account.sa"
          ]
        }
      ]
    },
    {
      "module": "module.iam",
      "mode": "managed",
      "type": "yandex_iam_service_account_static_access_key",
      "name": "sa-static-key",
      "provider": "module.iam.provider[\"registry.terraform.io/yandex-cloud/yandex\"]",
      "instances": [
        {
          "schema_version": 0,
          "attributes": {
            "access_key": "YCAJE7N-gnQmQ4cr1jGiADlSz",
            "created_at": "2025-02-27T16:26:43Z",
            "description": "Static access key for service account",
            "encrypted_secret_key": null,
            "id": "ajeee4npcnb10v07ln3f",
            "key_fingerprint": null,
            "output_to_lockbox": [],
            "output_to_lockbox_version_id": null,
            "pgp_key": null,
            "secret_key": "YCOOJNxe9cV_vGOFG0XtGnJBPtY2Exs2PwbC_zCm",
            "service_account_id": "ajenhm7ghqu5sr0rnn2v"
          },
          "sensitive_attributes": [
            [
              {
                "type": "get_attr",
                "value": "secret_key"
              }
            ]
          ],
          "private": "bnVsbA==",
          "dependencies": [
            "module.iam.yandex_iam_service_account.sa"
          ]
        }
      ]
    },
    {
      "module": "module.iam",
      "mode": "managed",
      "type": "yandex_resourcemanager_folder_iam_member",
      "name": "sa_roles",
      "provider": "module.iam.provider[\"registry.terraform.io/yandex-cloud/yandex\"]",
      "instances": [
        {
          "index_key": "cloud-registry.artifacts.puller",
          "schema_version": 0,
          "attributes": {
            "folder_id": "b1gcs058gd4fa8eeviec",
            "id": "b1gcs058gd4fa8eeviec/cloud-registry.artifacts.puller/serviceAccount:ajenhm7ghqu5sr0rnn2v",
            "member": "serviceAccount:ajenhm7ghqu5sr0rnn2v",
            "role": "cloud-registry.artifacts.puller",
            "sleep_after": null,
            "timeouts": null
          },
          "sensitive_attributes": [],
          "private": "eyJlMmJmYjczMC1lY2FhLTExZTYtOGY4OC0zNDM2M2JjN2M0YzAiOnsiY3JlYXRlIjo2MDAwMDAwMDAwMCwiZGVmYXVsdCI6NjAwMDAwMDAwMDAsImRlbGV0ZSI6NjAwMDAwMDAwMDAsInJlYWQiOjYwMDAwMDAwMDAwLCJ1cGRhdGUiOjYwMDAwMDAwMDAwfX0=",
          "dependencies": [
            "module.iam.yandex_iam_service_account.sa"
          ]
        },
        {
          "index_key": "compute.admin",
          "schema_version": 0,
          "attributes": {
            "folder_id": "b1gcs058gd4fa8eeviec",
            "id": "b1gcs058gd4fa8eeviec/compute.admin/serviceAccount:ajenhm7ghqu5sr0rnn2v",
            "member": "serviceAccount:ajenhm7ghqu5sr0rnn2v",
            "role": "compute.admin",
            "sleep_after": null,
            "timeouts": null
          },
          "sensitive_attributes": [],
          "private": "eyJlMmJmYjczMC1lY2FhLTExZTYtOGY4OC0zNDM2M2JjN2M0YzAiOnsiY3JlYXRlIjo2MDAwMDAwMDAwMCwiZGVmYXVsdCI6NjAwMDAwMDAwMDAsImRlbGV0ZSI6NjAwMDAwMDAwMDAsInJlYWQiOjYwMDAwMDAwMDAwLCJ1cGRhdGUiOjYwMDAwMDAwMDAwfX0=",
          "dependencies": [
            "module.iam.yandex_iam_service_account.sa"
          ]
        },
        {
          "index_key": "container-registry.images.puller",
          "schema_version": 0,
          "attributes": {
            "folder_id": "b1gcs058gd4fa8eeviec",
            "id": "b1gcs058gd4fa8eeviec/container-registry.images.puller/serviceAccount:ajenhm7ghqu5sr0rnn2v",
            "member": "serviceAccount:ajenhm7ghqu5sr0rnn2v",
            "role": "container-registry.images.puller",
            "sleep_after": null,
            "timeouts": null
          },
          "sensitive_attributes": [],
          "private": "eyJlMmJmYjczMC1lY2FhLTExZTYtOGY4OC0zNDM2M2JjN2M0YzAiOnsiY3JlYXRlIjo2MDAwMDAwMDAwMCwiZGVmYXVsdCI6NjAwMDAwMDAwMDAsImRlbGV0ZSI6NjAwMDAwMDAwMDAsInJlYWQiOjYwMDAwMDAwMDAwLCJ1cGRhdGUiOjYwMDAwMDAwMDAwfX0=",
          "dependencies": [
            "module.iam.yandex_iam_service_account.sa"
          ]
        },
        {
          "index_key": "dataproc.agent",
          "schema_version": 0,
          "attributes": {
            "folder_id": "b1gcs058gd4fa8eeviec",
            "id": "b1gcs058gd4fa8eeviec/dataproc.agent/serviceAccount:ajenhm7ghqu5sr0rnn2v",
            "member": "serviceAccount:ajenhm7ghqu5sr0rnn2v",
            "role": "dataproc.agent",
            "sleep_after": null,
            "timeouts": null
          },
          "sensitive_attributes": [],
          "private": "eyJlMmJmYjczMC1lY2FhLTExZTYtOGY4OC0zNDM2M2JjN2M0YzAiOnsiY3JlYXRlIjo2MDAwMDAwMDAwMCwiZGVmYXVsdCI6NjAwMDAwMDAwMDAsImRlbGV0ZSI6NjAwMDAwMDAwMDAsInJlYWQiOjYwMDAwMDAwMDAwLCJ1cGRhdGUiOjYwMDAwMDAwMDAwfX0=",
          "dependencies": [
            "module.iam.yandex_iam_service_account.sa"
          ]
        },
        {
          "index_key": "dataproc.editor",
          "schema_version": 0,
          "attributes": {
            "folder_id": "b1gcs058gd4fa8eeviec",
            "id": "b1gcs058gd4fa8eeviec/dataproc.editor/serviceAccount:ajenhm7ghqu5sr0rnn2v",
            "member": "serviceAccount:ajenhm7ghqu5sr0rnn2v",
            "role": "dataproc.editor",
            "sleep_after": null,
            "timeouts": null
          },
          "sensitive_attributes": [],
          "private": "eyJlMmJmYjczMC1lY2FhLTExZTYtOGY4OC0zNDM2M2JjN2M0YzAiOnsiY3JlYXRlIjo2MDAwMDAwMDAwMCwiZGVmYXVsdCI6NjAwMDAwMDAwMDAsImRlbGV0ZSI6NjAwMDAwMDAwMDAsInJlYWQiOjYwMDAwMDAwMDAwLCJ1cGRhdGUiOjYwMDAwMDAwMDAwfX0=",
          "dependencies": [
            "module.iam.yandex_iam_service_account.sa"
          ]
        },
        {
          "index_key": "iam.serviceAccounts.user",
          "schema_version": 0,
          "attributes": {
            "folder_id": "b1gcs058gd4fa8eeviec",
            "id": "b1gcs058gd4fa8eeviec/iam.serviceAccounts.user/serviceAccount:ajenhm7ghqu5sr0rnn2v",
            "member": "serviceAccount:ajenhm7ghqu5sr0rnn2v",
            "role": "iam.serviceAccounts.user",
            "sleep_after": null,
            "timeouts": null
          },
          "sensitive_attributes": [],
          "private": "eyJlMmJmYjczMC1lY2FhLTExZTYtOGY4OC0zNDM2M2JjN2M0YzAiOnsiY3JlYXRlIjo2MDAwMDAwMDAwMCwiZGVmYXVsdCI6NjAwMDAwMDAwMDAsImRlbGV0ZSI6NjAwMDAwMDAwMDAsInJlYWQiOjYwMDAwMDAwMDAwLCJ1cGRhdGUiOjYwMDAwMDAwMDAwfX0=",
          "dependencies": [
            "module.iam.yandex_iam_service_account.sa"
          ]
        },
        {
          "index_key": "k8s.admin",
          "schema_version": 0,
          "attributes": {
            "folder_id": "b1gcs058gd4fa8eeviec",
            "id": "b1gcs058gd4fa8eeviec/k8s.admin/serviceAccount:ajenhm7ghqu5sr0rnn2v",
            "member": "serviceAccount:ajenhm7ghqu5sr0rnn2v",
            "role": "k8s.admin",
            "sleep_after": null,
            "timeouts": null
          },
          "sensitive_attributes": [],
          "private": "eyJlMmJmYjczMC1lY2FhLTExZTYtOGY4OC0zNDM2M2JjN2M0YzAiOnsiY3JlYXRlIjo2MDAwMDAwMDAwMCwiZGVmYXVsdCI6NjAwMDAwMDAwMDAsImRlbGV0ZSI6NjAwMDAwMDAwMDAsInJlYWQiOjYwMDAwMDAwMDAwLCJ1cGRhdGUiOjYwMDAwMDAwMDAwfX0=",
          "dependencies": [
            "module.iam.yandex_iam_service_account.sa"
          ]
        },
        {
          "index_key": "k8s.cluster-api.cluster-admin",
          "schema_version": 0,
          "attributes": {
            "folder_id": "b1gcs058gd4fa8eeviec",
            "id": "b1gcs058gd4fa8eeviec/k8s.cluster-api.cluster-admin/serviceAccount:ajenhm7ghqu5sr0rnn2v",
            "member": "serviceAccount:ajenhm7ghqu5sr0rnn2v",
            "role": "k8s.cluster-api.cluster-admin",
            "sleep_after": null,
            "timeouts": null
          },
          "sensitive_attributes": [],
          "private": "eyJlMmJmYjczMC1lY2FhLTExZTYtOGY4OC0zNDM2M2JjN2M0YzAiOnsiY3JlYXRlIjo2MDAwMDAwMDAwMCwiZGVmYXVsdCI6NjAwMDAwMDAwMDAsImRlbGV0ZSI6NjAwMDAwMDAwMDAsInJlYWQiOjYwMDAwMDAwMDAwLCJ1cGRhdGUiOjYwMDAwMDAwMDAwfX0=",
          "dependencies": [
            "module.iam.yandex_iam_service_account.sa"
          ]
        },
        {
          "index_key": "k8s.clusters.agent",
          "schema_version": 0,
          "attributes": {
            "folder_id": "b1gcs058gd4fa8eeviec",
            "id": "b1gcs058gd4fa8eeviec/k8s.clusters.agent/serviceAccount:ajenhm7ghqu5sr0rnn2v",
            "member": "serviceAccount:ajenhm7ghqu5sr0rnn2v",
            "role": "k8s.clusters.agent",
            "sleep_after": null,
            "timeouts": null
          },
          "sensitive_attributes": [],
          "private": "eyJlMmJmYjczMC1lY2FhLTExZTYtOGY4OC0zNDM2M2JjN2M0YzAiOnsiY3JlYXRlIjo2MDAwMDAwMDAwMCwiZGVmYXVsdCI6NjAwMDAwMDAwMDAsImRlbGV0ZSI6NjAwMDAwMDAwMDAsInJlYWQiOjYwMDAwMDAwMDAwLCJ1cGRhdGUiOjYwMDAwMDAwMDAwfX0=",
          "dependencies": [
            "module.iam.yandex_iam_service_account.sa"
          ]
        },
        {
          "index_key": "kms.keys.encrypterDecrypter",
          "schema_version": 0,
          "attributes": {
            "folder_id": "b1gcs058gd4fa8eeviec",
            "id": "b1gcs058gd4fa8eeviec/kms.keys.encrypterDecrypter/serviceAccount:ajenhm7ghqu5sr0rnn2v",
            "member": "serviceAccount:ajenhm7ghqu5sr0rnn2v",
            "role": "kms.keys.encrypterDecrypter",
            "sleep_after": null,
            "timeouts": null
          },
          "sensitive_attributes": [],
          "private": "eyJlMmJmYjczMC1lY2FhLTExZTYtOGY4OC0zNDM2M2JjN2M0YzAiOnsiY3JlYXRlIjo2MDAwMDAwMDAwMCwiZGVmYXVsdCI6NjAwMDAwMDAwMDAsImRlbGV0ZSI6NjAwMDAwMDAwMDAsInJlYWQiOjYwMDAwMDAwMDAwLCJ1cGRhdGUiOjYwMDAwMDAwMDAwfX0=",
          "dependencies": [
            "module.iam.yandex_iam_service_account.sa"
          ]
        },
        {
          "index_key": "load-balancer.editor",
          "schema_version": 0,
          "attributes": {
            "folder_id": "b1gcs058gd4fa8eeviec",
            "id": "b1gcs058gd4fa8eeviec/load-balancer.editor/serviceAccount:ajenhm7ghqu5sr0rnn2v",
            "member": "serviceAccount:ajenhm7ghqu5sr0rnn2v",
            "role": "load-balancer.editor",
            "sleep_after": null,
            "timeouts": null
          },
          "sensitive_attributes": [],
          "private": "eyJlMmJmYjczMC1lY2FhLTExZTYtOGY4OC0zNDM2M2JjN2M0YzAiOnsiY3JlYXRlIjo2MDAwMDAwMDAwMCwiZGVmYXVsdCI6NjAwMDAwMDAwMDAsImRlbGV0ZSI6NjAwMDAwMDAwMDAsInJlYWQiOjYwMDAwMDAwMDAwLCJ1cGRhdGUiOjYwMDAwMDAwMDAwfX0=",
          "dependencies": [
            "module.iam.yandex_iam_service_account.sa"
          ]
        },
        {
          "index_key": "mdb.dataproc.agent",
          "schema_version": 0,
          "attributes": {
            "folder_id": "b1gcs058gd4fa8eeviec",
            "id": "b1gcs058gd4fa8eeviec/mdb.dataproc.agent/serviceAccount:ajenhm7ghqu5sr0rnn2v",
            "member": "serviceAccount:ajenhm7ghqu5sr0rnn2v",
            "role": "mdb.dataproc.agent",
            "sleep_after": null,
            "timeouts": null
          },
          "sensitive_attributes": [],
          "private": "eyJlMmJmYjczMC1lY2FhLTExZTYtOGY4OC0zNDM2M2JjN2M0YzAiOnsiY3JlYXRlIjo2MDAwMDAwMDAwMCwiZGVmYXVsdCI6NjAwMDAwMDAwMDAsImRlbGV0ZSI6NjAwMDAwMDAwMDAsInJlYWQiOjYwMDAwMDAwMDAwLCJ1cGRhdGUiOjYwMDAwMDAwMDAwfX0=",
          "dependencies": [
            "module.iam.yandex_iam_service_account.sa"
          ]
        },
        {
          "index_key": "storage.admin",
          "schema_version": 0,
          "attributes": {
            "folder_id": "b1gcs058gd4fa8eeviec",
            "id": "b1gcs058gd4fa8eeviec/storage.admin/serviceAccount:ajenhm7ghqu5sr0rnn2v",
            "member": "serviceAccount:ajenhm7ghqu5sr0rnn2v",
            "role": "storage.admin",
            "sleep_after": null,
            "timeouts": null
          },
          "sensitive_attributes": [],
          "private": "eyJlMmJmYjczMC1lY2FhLTExZTYtOGY4OC0zNDM2M2JjN2M0YzAiOnsiY3JlYXRlIjo2MDAwMDAwMDAwMCwiZGVmYXVsdCI6NjAwMDAwMDAwMDAsImRlbGV0ZSI6NjAwMDAwMDAwMDAsInJlYWQiOjYwMDAwMDAwMDAwLCJ1cGRhdGUiOjYwMDAwMDAwMDAwfX0=",
          "dependencies": [
            "module.iam.yandex_iam_service_account.sa"
          ]
        },
        {
          "index_key": "storage.editor",
          "schema_version": 0,
          "attributes": {
            "folder_id": "b1gcs058gd4fa8eeviec",
            "id": "b1gcs058gd4fa8eeviec/storage.editor/serviceAccount:ajenhm7ghqu5sr0rnn2v",
            "member": "serviceAccount:ajenhm7ghqu5sr0rnn2v",
            "role": "storage.editor",
            "sleep_after": null,
            "timeouts": null
          },
          "sensitive_attributes": [],
          "private": "eyJlMmJmYjczMC1lY2FhLTExZTYtOGY4OC0zNDM2M2JjN2M0YzAiOnsiY3JlYXRlIjo2MDAwMDAwMDAwMCwiZGVmYXVsdCI6NjAwMDAwMDAwMDAsImRlbGV0ZSI6NjAwMDAwMDAwMDAsInJlYWQiOjYwMDAwMDAwMDAwLCJ1cGRhdGUiOjYwMDAwMDAwMDAwfX0=",
          "dependencies": [
            "module.iam.yandex_iam_service_account.sa"
          ]
        },
        {
          "index_key": "storage.uploader",
          "schema_version": 0,
          "attributes": {
            "folder_id": "b1gcs058gd4fa8eeviec",
            "id": "b1gcs058gd4fa8eeviec/storage.uploader/serviceAccount:ajenhm7ghqu5sr0rnn2v",
            "member": "serviceAccount:ajenhm7ghqu5sr0rnn2v",
            "role": "storage.uploader",
            "sleep_after": null,
            "timeouts": null
          },
          "sensitive_attributes": [],
          "private": "eyJlMmJmYjczMC1lY2FhLTExZTYtOGY4OC0zNDM2M2JjN2M0YzAiOnsiY3JlYXRlIjo2MDAwMDAwMDAwMCwiZGVmYXVsdCI6NjAwMDAwMDAwMDAsImRlbGV0ZSI6NjAwMDAwMDAwMDAsInJlYWQiOjYwMDAwMDAwMDAwLCJ1cGRhdGUiOjYwMDAwMDAwMDAwfX0=",
          "dependencies": [
            "module.iam.yandex_iam_service_account.sa"
          ]
        },
        {
          "index_key": "storage.viewer",
          "schema_version": 0,
          "attributes": {
            "folder_id": "b1gcs058gd4fa8eeviec",
            "id": "b1gcs058gd4fa8eeviec/storage.viewer/serviceAccount:ajenhm7ghqu5sr0rnn2v",
            "member": "serviceAccount:ajenhm7ghqu5sr0rnn2v",
            "role": "storage.viewer",
            "sleep_after": null,
            "timeouts": null
          },
          "sensitive_attributes": [],
          "private": "eyJlMmJmYjczMC1lY2FhLTExZTYtOGY4OC0zNDM2M2JjN2M0YzAiOnsiY3JlYXRlIjo2MDAwMDAwMDAwMCwiZGVmYXVsdCI6NjAwMDAwMDAwMDAsImRlbGV0ZSI6NjAwMDAwMDAwMDAsInJlYWQiOjYwMDAwMDAwMDAwLCJ1cGRhdGUiOjYwMDAwMDAwMDAwfX0=",
          "dependencies": [
            "module.iam.yandex_iam_service_account.sa"
          ]
        },
        {
          "index_key": "vpc.publicAdmin",
          "schema_version": 0,
          "attributes": {
            "folder_id": "b1gcs058gd4fa8eeviec",
            "id": "b1gcs058gd4fa8eeviec/vpc.publicAdmin/serviceAccount:ajenhm7ghqu5sr0rnn2v",
            "member": "serviceAccount:ajenhm7ghqu5sr0rnn2v",
            "role": "vpc.publicAdmin",
            "sleep_after": null,
            "timeouts": null
          },
          "sensitive_attributes": [],
          "private": "eyJlMmJmYjczMC1lY2FhLTExZTYtOGY4OC0zNDM2M2JjN2M0YzAiOnsiY3JlYXRlIjo2MDAwMDAwMDAwMCwiZGVmYXVsdCI6NjAwMDAwMDAwMDAsImRlbGV0ZSI6NjAwMDAwMDAwMDAsInJlYWQiOjYwMDAwMDAwMDAwLCJ1cGRhdGUiOjYwMDAwMDAwMDAwfX0=",
          "dependencies": [
            "module.iam.yandex_iam_service_account.sa"
          ]
        },
        {
          "index_key": "vpc.user",
          "schema_version": 0,
          "attributes": {
            "folder_id": "b1gcs058gd4fa8eeviec",
            "id": "b1gcs058gd4fa8eeviec/vpc.user/serviceAccount:ajenhm7ghqu5sr0rnn2v",
            "member": "serviceAccount:ajenhm7ghqu5sr0rnn2v",
            "role": "vpc.user",
            "sleep_after": null,
            "timeouts": null
          },
          "sensitive_attributes": [],
          "private": "eyJlMmJmYjczMC1lY2FhLTExZTYtOGY4OC0zNDM2M2JjN2M0YzAiOnsiY3JlYXRlIjo2MDAwMDAwMDAwMCwiZGVmYXVsdCI6NjAwMDAwMDAwMDAsImRlbGV0ZSI6NjAwMDAwMDAwMDAsInJlYWQiOjYwMDAwMDAwMDAwLCJ1cGRhdGUiOjYwMDAwMDAwMDAwfX0=",
          "dependencies": [
            "module.iam.yandex_iam_service_account.sa"
          ]
        }
      ]
    },
    {
      "module": "module.kuber",
      "mode": "managed",
      "type": "yandex_kms_symmetric_key",
      "name": "kms-key",
      "provider": "module.kuber.provider[\"registry.terraform.io/yandex-cloud/yandex\"]",
      "instances": [
        {
          "schema_version": 1,
          "attributes": {
            "created_at": "2025-02-27T16:26:41Z",
            "default_algorithm": "AES_128",
            "deletion_protection": false,
            "description": "Ключ для шифрования важной информации кластера",
            "folder_id": "b1gcs058gd4fa8eeviec",
            "id": "abje8d99gufptl29idqe",
            "labels": {},
            "name": "kms-key",
            "rotated_at": "",
            "rotation_period": "8760h0m0s",
            "status": "active",
            "timeouts": null
          },
          "sensitive_attributes": [],
          "private": "eyJlMmJmYjczMC1lY2FhLTExZTYtOGY4OC0zNDM2M2JjN2M0YzAiOnsiY3JlYXRlIjo2MDAwMDAwMDAwMCwiZGVsZXRlIjo2MDAwMDAwMDAwMCwicmVhZCI6NjAwMDAwMDAwMDAsInVwZGF0ZSI6NjAwMDAwMDAwMDB9LCJzY2hlbWFfdmVyc2lvbiI6IjEifQ=="
        }
      ]
    },
    {
      "module": "module.kuber",
      "mode": "managed",
      "type": "yandex_kubernetes_cluster",
      "name": "k8s_cluster",
      "provider": "module.kuber.provider[\"registry.terraform.io/yandex-cloud/yandex\"]",
      "instances": [
        {
          "schema_version": 0,
          "attributes": {
            "cluster_ipv4_range": "10.112.0.0/16",
            "cluster_ipv6_range": "",
            "created_at": "2025-02-27T16:28:18Z",
            "description": "",
            "folder_id": "b1gcs058gd4fa8eeviec",
            "health": "healthy",
            "id": "catp3animp528irj3amt",
            "kms_provider": [
              {
                "key_id": "abje8d99gufptl29idqe"
              }
            ],
            "labels": {},
            "log_group_id": "",
            "master": [
              {
                "cluster_ca_certificate": "-----BEGIN CERTIFICATE-----\nMIIC5zCCAc+gAwIBAgIBADANBgkqhkiG9w0BAQsFADAVMRMwEQYDVQQDEwprdWJl\ncm5ldGVzMB4XDTI1MDIyNzE2MjgyMFoXDTM1MDIyNTE2MjgyMFowFTETMBEGA1UE\nAxMKa3ViZXJuZXRlczCCASIwDQYJKoZIhvcNAQEBBQADggEPADCCAQoCggEBAK77\nQEh4i7usRBwAd6kxkg+eva9oNYZFzPwXO/Tl15pwrELVqmMvUl8G4sa5OnSU+NNO\n7U+FL/pVmphut1CsYQbYrB9zMKL5OBZleOIpvFMrdcBMCZJs1EbWpXrrkN4sxs57\nYuC09LtHHk9GxbR751macB1fBzMJPzwAJriTzZBulQRiZw91dYpkK19fJGfze0iC\nCctFlHj4iyR5M3TzwAlb/wRfohDzMlCpbqbGwA7X9A5e7dWfih5Z8uYPXLu9WJjL\nHEJRNuw5aid9T7qNThWxggAIjhjT2wKzd5KozCMnckIEm0Kt5NDI2Wn+Jo74tbMt\n/QYYYn8TmZMuQOOW6RkCAwEAAaNCMEAwDgYDVR0PAQH/BAQDAgKkMA8GA1UdEwEB\n/wQFMAMBAf8wHQYDVR0OBBYEFJdZuaMUEU7E6JfVDD+mAfmZ9q4FMA0GCSqGSIb3\nDQEBCwUAA4IBAQAIlT5fqHN/zO2QcCPuMBW4l4W2JjLxgY6B9s15JZ1i5Wc/0CqC\n9vJOkhwK/n1xSjJUJM6Zp0jiRwjCbB/2uFGMvEieYvJUYSv4ccz0FEhxbUWBgHTs\nOJ/CMMLq5ByvUWYx0hp0i3RwEbTUfx56lBhUc324wmru8SGOgC8S9vUPa6fWOpca\ntX7LsVi14ogTSroHAV/z9EXxTIc7OAOVw678JKyTVhdpPU0kFhNHbKCJoLWHlW8N\nwvWUOmueJTJccGO6oGvP6e9UF+A3uMutPDbfO/OKm9Hk97AVdUPGcl3cOvEGt0ij\nN6Ekhdcm18xog9ZIngAE8xiaYEgK9V+Zvy4v\n-----END CERTIFICATE-----\n",
                "etcd_cluster_size": 1,
                "external_v4_address": "84.252.130.217",
                "external_v4_endpoint": "https://84.252.130.217",
                "external_v6_address": "",
                "external_v6_endpoint": "",
                "internal_v4_address": "10.0.0.26",
                "internal_v4_endpoint": "https://10.0.0.26",
                "maintenance_policy": [
                  {
                    "auto_upgrade": true,
                    "maintenance_window": []
                  }
                ],
                "master_location": [
                  {
                    "subnet_id": "e9bi9ht6o6ub0j6lbmcn",
                    "zone": "ru-central1-a"
                  }
                ],
                "master_logging": [],
                "public_ip": true,
                "regional": [],
                "security_group_ids": [
                  "enpc1ens0fiv96ggcrjn"
                ],
                "version": "1.28",
                "version_info": [
                  {
                    "current_version": "1.28",
                    "new_revision_available": false,
                    "new_revision_summary": "",
                    "version_deprecated": false
                  }
                ],
                "zonal": [
                  {
                    "subnet_id": "e9bi9ht6o6ub0j6lbmcn",
                    "zone": "ru-central1-a"
                  }
                ]
              }
            ],
            "name": "my-k8-cluster",
            "network_id": "enpra8veaoiqpjp33lps",
            "network_implementation": [],
            "network_policy_provider": null,
            "node_ipv4_cidr_mask_size": 24,
            "node_service_account_id": "ajenhm7ghqu5sr0rnn2v",
            "release_channel": "REGULAR",
            "service_account_id": "ajenhm7ghqu5sr0rnn2v",
            "service_ipv4_range": "10.96.0.0/16",
            "service_ipv6_range": "",
            "status": "running",
            "timeouts": null
          },
          "sensitive_attributes": [],
          "private": "eyJlMmJmYjczMC1lY2FhLTExZTYtOGY4OC0zNDM2M2JjN2M0YzAiOnsiY3JlYXRlIjoxODAwMDAwMDAwMDAwLCJkZWxldGUiOjEyMDAwMDAwMDAwMDAsInJlYWQiOjMwMDAwMDAwMDAwMCwidXBkYXRlIjoxODAwMDAwMDAwMDAwfX0=",
          "dependencies": [
            "module.iam.yandex_iam_service_account.sa",
            "module.kuber.yandex_kms_symmetric_key.kms-key",
            "module.network.yandex_vpc_gateway.nat_gateway",
            "module.network.yandex_vpc_network.network",
            "module.network.yandex_vpc_route_table.route_table",
            "module.network.yandex_vpc_security_group.security_group",
            "module.network.yandex_vpc_subnet.subnet"
          ]
        }
      ]
    },
    {
      "module": "module.kuber",
      "mode": "managed",
      "type": "yandex_kubernetes_node_group",
      "name": "k8s_node_group",
      "provider": "module.kuber.provider[\"registry.terraform.io/yandex-cloud/yandex\"]",
      "instances": [
        {
          "schema_version": 0,
          "attributes": {
            "allocation_policy": [
              {
                "location": [
                  {
                    "subnet_id": "e9bi9ht6o6ub0j6lbmcn",
                    "zone": "ru-central1-a"
                  }
                ]
              }
            ],
            "allowed_unsafe_sysctls": null,
            "cluster_id": "catp3animp528irj3amt",
            "created_at": "2025-02-27T16:40:25Z",
            "deploy_policy": [
              {
                "max_expansion": 3,
                "max_unavailable": 0
              }
            ],
            "description": "",
            "id": "cath9so8q4fjb36i9oa9",
            "instance_group_id": "cl16hasnnk091m7u5sej",
            "instance_template": [
              {
                "boot_disk": [
                  {
                    "size": 64,
                    "type": "network-ssd"
                  }
                ],
                "container_network": [
                  {
                    "pod_mtu": 0
                  }
                ],
                "container_runtime": [],
                "gpu_settings": [],
                "labels": null,
                "metadata": {},
                "name": "",
                "nat": true,
                "network_acceleration_type": "type_unspecified",
                "network_interface": [
                  {
                    "ipv4": true,
                    "ipv4_dns_records": [],
                    "ipv6": false,
                    "ipv6_dns_records": [],
                    "nat": true,
                    "security_group_ids": null,
                    "subnet_ids": [
                      "e9bi9ht6o6ub0j6lbmcn"
                    ]
                  }
                ],
                "placement_policy": [],
                "platform_id": "standard-v2",
                "resources": [
                  {
                    "core_fraction": 100,
                    "cores": 2,
                    "gpus": 0,
                    "memory": 4
                  }
                ],
                "scheduling_policy": [
                  {
                    "preemptible": true
                  }
                ]
              }
            ],
            "labels": {},
            "maintenance_policy": [
              {
                "auto_repair": true,
                "auto_upgrade": true,
                "maintenance_window": []
              }
            ],
            "name": "k8s-node-group",
            "node_labels": null,
            "node_taints": null,
            "scale_policy": [
              {
                "auto_scale": [],
                "fixed_scale": [
                  {
                    "size": 1
                  }
                ]
              }
            ],
            "status": "running",
            "timeouts": null,
            "version": "1.28",
            "version_info": [
              {
                "current_version": "1.28",
                "new_revision_available": false,
                "new_revision_summary": "",
                "version_deprecated": false
              }
            ]
          },
          "sensitive_attributes": [],
          "private": "eyJlMmJmYjczMC1lY2FhLTExZTYtOGY4OC0zNDM2M2JjN2M0YzAiOnsiY3JlYXRlIjozNjAwMDAwMDAwMDAwLCJkZWxldGUiOjEyMDAwMDAwMDAwMDAsInJlYWQiOjYwMDAwMDAwMDAwMCwidXBkYXRlIjozNjAwMDAwMDAwMDAwfX0=",
          "dependencies": [
            "module.iam.yandex_iam_service_account.sa",
            "module.kuber.yandex_kms_symmetric_key.kms-key",
            "module.kuber.yandex_kubernetes_cluster.k8s_cluster",
            "module.network.yandex_vpc_gateway.nat_gateway",
            "module.network.yandex_vpc_network.network",
            "module.network.yandex_vpc_route_table.route_table",
            "module.network.yandex_vpc_security_group.security_group",
            "module.network.yandex_vpc_subnet.subnet"
          ]
        }
      ]
    },
    {
      "module": "module.network",
      "mode": "managed",
      "type": "yandex_vpc_gateway",
      "name": "nat_gateway",
      "provider": "module.network.provider[\"registry.terraform.io/yandex-cloud/yandex\"]",
      "instances": [
        {
          "schema_version": 0,
          "attributes": {
            "created_at": "2025-02-27T16:26:41Z",
            "description": "",
            "folder_id": "b1gcs058gd4fa8eeviec",
            "id": "enpkq1t5e62lsfn4msht",
            "labels": {},
            "name": "otus-nat-gateway",
            "shared_egress_gateway": [
              {}
            ],
            "timeouts": null
          },
          "sensitive_attributes": [],
          "private": "eyJlMmJmYjczMC1lY2FhLTExZTYtOGY4OC0zNDM2M2JjN2M0YzAiOnsiY3JlYXRlIjo2MDAwMDAwMDAwMCwiZGVsZXRlIjo2MDAwMDAwMDAwMCwidXBkYXRlIjo2MDAwMDAwMDAwMH19"
        }
      ]
    },
    {
      "module": "module.network",
      "mode": "managed",
      "type": "yandex_vpc_network",
      "name": "network",
      "provider": "module.network.provider[\"registry.terraform.io/yandex-cloud/yandex\"]",
      "instances": [
        {
          "schema_version": 0,
          "attributes": {
            "created_at": "2025-02-27T16:26:41Z",
            "default_security_group_id": "enp9e8a71gmhjql1ktmp",
            "description": "",
            "folder_id": "b1gcs058gd4fa8eeviec",
            "id": "enpra8veaoiqpjp33lps",
            "labels": {},
            "name": "docker-network",
            "subnet_ids": [
              "e9bi9ht6o6ub0j6lbmcn"
            ],
            "timeouts": null
          },
          "sensitive_attributes": [],
          "private": "eyJlMmJmYjczMC1lY2FhLTExZTYtOGY4OC0zNDM2M2JjN2M0YzAiOnsiY3JlYXRlIjo2MDAwMDAwMDAwMCwiZGVsZXRlIjo2MDAwMDAwMDAwMCwidXBkYXRlIjo2MDAwMDAwMDAwMH19"
        }
      ]
    },
    {
      "module": "module.network",
      "mode": "managed",
      "type": "yandex_vpc_route_table",
      "name": "route_table",
      "provider": "module.network.provider[\"registry.terraform.io/yandex-cloud/yandex\"]",
      "instances": [
        {
          "schema_version": 0,
          "attributes": {
            "created_at": "2025-02-27T16:26:43Z",
            "description": "",
            "folder_id": "b1gcs058gd4fa8eeviec",
            "id": "enp4p8apipd9p2pkl1f1",
            "labels": {},
            "name": "otus-route-table",
            "network_id": "enpra8veaoiqpjp33lps",
            "static_route": [
              {
                "destination_prefix": "0.0.0.0/0",
                "gateway_id": "enpkq1t5e62lsfn4msht",
                "next_hop_address": ""
              }
            ],
            "timeouts": null
          },
          "sensitive_attributes": [],
          "private": "eyJlMmJmYjczMC1lY2FhLTExZTYtOGY4OC0zNDM2M2JjN2M0YzAiOnsiY3JlYXRlIjoxODAwMDAwMDAwMDAsImRlbGV0ZSI6MTgwMDAwMDAwMDAwLCJ1cGRhdGUiOjE4MDAwMDAwMDAwMH19",
          "dependencies": [
            "module.network.yandex_vpc_gateway.nat_gateway",
            "module.network.yandex_vpc_network.network"
          ]
        }
      ]
    },
    {
      "module": "module.network",
      "mode": "managed",
      "type": "yandex_vpc_security_group",
      "name": "security_group",
      "provider": "module.network.provider[\"registry.terraform.io/yandex-cloud/yandex\"]",
      "instances": [
        {
          "schema_version": 0,
          "attributes": {
            "created_at": "2025-02-27T16:26:44Z",
            "description": "Security group for Dataproc cluster",
            "egress": [
              {
                "description": "Allow all outgoing traffic",
                "from_port": -1,
                "id": "enptuhnaojlnldj8lfhu",
                "labels": {},
                "port": -1,
                "predefined_target": "",
                "protocol": "ANY",
                "security_group_id": "",
                "to_port": -1,
                "v4_cidr_blocks": [
                  "0.0.0.0/0"
                ],
                "v6_cidr_blocks": []
              },
              {
                "description": "Allow all outgoing traffic",
                "from_port": 0,
                "id": "enppf503o9efe1ebcf9i",
                "labels": {},
                "port": -1,
                "predefined_target": "",
                "protocol": "ANY",
                "security_group_id": "",
                "to_port": 65535,
                "v4_cidr_blocks": [
                  "0.0.0.0/0"
                ],
                "v6_cidr_blocks": []
              },
              {
                "description": "Internal",
                "from_port": 0,
                "id": "enpe682c62atd18lg36g",
                "labels": {},
                "port": -1,
                "predefined_target": "self_security_group",
                "protocol": "ANY",
                "security_group_id": "",
                "to_port": 65535,
                "v4_cidr_blocks": [],
                "v6_cidr_blocks": []
              }
            ],
            "folder_id": "b1gcs058gd4fa8eeviec",
            "id": "enpc1ens0fiv96ggcrjn",
            "ingress": [
              {
                "description": "Allow all incoming traffic",
                "from_port": -1,
                "id": "enplmi369gq4ln4jho0f",
                "labels": {},
                "port": -1,
                "predefined_target": "",
                "protocol": "ANY",
                "security_group_id": "",
                "to_port": -1,
                "v4_cidr_blocks": [
                  "0.0.0.0/0"
                ],
                "v6_cidr_blocks": []
              },
              {
                "description": "Jupyter",
                "from_port": -1,
                "id": "enpull54qd3f695vq1df",
                "labels": {},
                "port": 8888,
                "predefined_target": "",
                "protocol": "TCP",
                "security_group_id": "",
                "to_port": -1,
                "v4_cidr_blocks": [
                  "0.0.0.0/0"
                ],
                "v6_cidr_blocks": []
              },
              {
                "description": "SSH",
                "from_port": -1,
                "id": "enp3qsejmtc6d2gp2nkf",
                "labels": {},
                "port": 22,
                "predefined_target": "",
                "protocol": "TCP",
                "security_group_id": "",
                "to_port": -1,
                "v4_cidr_blocks": [
                  "0.0.0.0/0"
                ],
                "v6_cidr_blocks": []
              },
              {
                "description": "UI",
                "from_port": -1,
                "id": "enpbtfhghtm6il82c6or",
                "labels": {},
                "port": 443,
                "predefined_target": "",
                "protocol": "TCP",
                "security_group_id": "",
                "to_port": -1,
                "v4_cidr_blocks": [
                  "0.0.0.0/0"
                ],
                "v6_cidr_blocks": []
              }
            ],
            "labels": {},
            "name": "otus-security-group",
            "network_id": "enpra8veaoiqpjp33lps",
            "status": "ACTIVE",
            "timeouts": null
          },
          "sensitive_attributes": [],
          "private": "eyJlMmJmYjczMC1lY2FhLTExZTYtOGY4OC0zNDM2M2JjN2M0YzAiOnsiY3JlYXRlIjoxODAwMDAwMDAwMDAsImRlbGV0ZSI6MTgwMDAwMDAwMDAwLCJ1cGRhdGUiOjE4MDAwMDAwMDAwMH19",
          "dependencies": [
            "module.network.yandex_vpc_network.network"
          ]
        }
      ]
    },
    {
      "module": "module.network",
      "mode": "managed",
      "type": "yandex_vpc_subnet",
      "name": "subnet",
      "provider": "module.network.provider[\"registry.terraform.io/yandex-cloud/yandex\"]",
      "instances": [
        {
          "schema_version": 0,
          "attributes": {
            "created_at": "2025-02-27T16:27:03Z",
            "description": "",
            "dhcp_options": [],
            "folder_id": "b1gcs058gd4fa8eeviec",
            "id": "e9bi9ht6o6ub0j6lbmcn",
            "labels": {},
            "name": "docker-subnet",
            "network_id": "enpra8veaoiqpjp33lps",
            "route_table_id": "enp4p8apipd9p2pkl1f1",
            "timeouts": null,
            "v4_cidr_blocks": [
              "10.0.0.0/24"
            ],
            "v6_cidr_blocks": [],
            "zone": "ru-central1-a"
          },
          "sensitive_attributes": [],
          "private": "eyJlMmJmYjczMC1lY2FhLTExZTYtOGY4OC0zNDM2M2JjN2M0YzAiOnsiY3JlYXRlIjoxODAwMDAwMDAwMDAsImRlbGV0ZSI6MTgwMDAwMDAwMDAwLCJ1cGRhdGUiOjE4MDAwMDAwMDAwMH19",
          "dependencies": [
            "module.network.yandex_vpc_gateway.nat_gateway",
            "module.network.yandex_vpc_network.network",
            "module.network.yandex_vpc_route_table.route_table"
          ]
        }
      ]
    }
  ],
  "check_results": null
}
